// !$*UTF8*$!
{
	archiveVersion = 1;
	classes = {
	};
	objectVersion = 51;
	objects = {

/* Begin PBXBuildFile section */
		45562218270AD4C5EFC5B323 /* Pods_Task_Shuffler.framework in Frameworks */ = {isa = PBXBuildFile; fileRef = 5C313B2D615F94E260304E37 /* Pods_Task_Shuffler.framework */; };
		811880A6243515BC00E5FEE1 /* DeviceModel.swift in Sources */ = {isa = PBXBuildFile; fileRef = 811880A5243515BC00E5FEE1 /* DeviceModel.swift */; };
		815204EF245E9A1E0004510B /* Alert.swift in Sources */ = {isa = PBXBuildFile; fileRef = 815204EE245E9A1E0004510B /* Alert.swift */; };
		815204F1245F46C20004510B /* GapRealm.swift in Sources */ = {isa = PBXBuildFile; fileRef = 815204F0245F46C20004510B /* GapRealm.swift */; };
		816709CE245C9F7D00D94E65 /* SettingsVC.swift in Sources */ = {isa = PBXBuildFile; fileRef = 816709CC245C9F7D00D94E65 /* SettingsVC.swift */; };
		816709CF245C9F7D00D94E65 /* SettingsVC.xib in Resources */ = {isa = PBXBuildFile; fileRef = 816709CD245C9F7D00D94E65 /* SettingsVC.xib */; };
		816709D1245CCC5000D94E65 /* SettingsValues.swift in Sources */ = {isa = PBXBuildFile; fileRef = 816709D0245CCC5000D94E65 /* SettingsValues.swift */; };
		81705A81240B1D4E0053A571 /* GapsViewController.swift in Sources */ = {isa = PBXBuildFile; fileRef = 81705A80240B1D4E0053A571 /* GapsViewController.swift */; };
		81705A83240B1D890053A571 /* ScheduleViewController.swift in Sources */ = {isa = PBXBuildFile; fileRef = 81705A82240B1D890053A571 /* ScheduleViewController.swift */; };
		8170DD792467FEE80060725D /* TimePickerVC.swift in Sources */ = {isa = PBXBuildFile; fileRef = 8170DD782467FEE80060725D /* TimePickerVC.swift */; };
		8170DD7F2467FF6B0060725D /* HourCell.swift in Sources */ = {isa = PBXBuildFile; fileRef = 8170DD7E2467FF6B0060725D /* HourCell.swift */; };
		8170DD812468001C0060725D /* MinuteCell.swift in Sources */ = {isa = PBXBuildFile; fileRef = 8170DD802468001C0060725D /* MinuteCell.swift */; };
		8179FDD924580807009A6D4B /* DatabaseManager.swift in Sources */ = {isa = PBXBuildFile; fileRef = 8179FDD824580807009A6D4B /* DatabaseManager.swift */; };
		8179FDDB24581E9F009A6D4B /* DummyModel.swift in Sources */ = {isa = PBXBuildFile; fileRef = 8179FDDA24581E9F009A6D4B /* DummyModel.swift */; };
		817E76F6245A084C00305111 /* TaskRealm.swift in Sources */ = {isa = PBXBuildFile; fileRef = 817E76F5245A084C00305111 /* TaskRealm.swift */; };
		8188D5B9240701AF00CCBA99 /* Task.swift in Sources */ = {isa = PBXBuildFile; fileRef = 8188D5B8240701AF00CCBA99 /* Task.swift */; };
		8188D5BB2408601800CCBA99 /* NewTaskViewController.swift in Sources */ = {isa = PBXBuildFile; fileRef = 8188D5BA2408601800CCBA99 /* NewTaskViewController.swift */; };
		818DFEE12422B90D007F6682 /* TestViewController.swift in Sources */ = {isa = PBXBuildFile; fileRef = 818DFEE02422B90D007F6682 /* TestViewController.swift */; };
		8197F5C2245ACF700052FCC7 /* TaskManager.swift in Sources */ = {isa = PBXBuildFile; fileRef = 8197F5C1245ACF700052FCC7 /* TaskManager.swift */; };
		8198F26324763D5F00F547BC /* CalendarVC.swift in Sources */ = {isa = PBXBuildFile; fileRef = 8198F26224763D5F00F547BC /* CalendarVC.swift */; };
		81C90B5324614F8B001C06B4 /* GapManager.swift in Sources */ = {isa = PBXBuildFile; fileRef = 81C90B5224614F8B001C06B4 /* GapManager.swift */; };
		81C90B552461D080001C06B4 /* GapCell.xib in Resources */ = {isa = PBXBuildFile; fileRef = 81C90B542461D080001C06B4 /* GapCell.xib */; };
		81C90B572461D0B2001C06B4 /* GapCell.swift in Sources */ = {isa = PBXBuildFile; fileRef = 81C90B562461D0B2001C06B4 /* GapCell.swift */; };
		81C90B5B2463DDBA001C06B4 /* Utils.swift in Sources */ = {isa = PBXBuildFile; fileRef = 81C90B5A2463DDBA001C06B4 /* Utils.swift */; };
		81C90B5E246492BC001C06B4 /* NewGapVC.swift in Sources */ = {isa = PBXBuildFile; fileRef = 81C90B5C246492BC001C06B4 /* NewGapVC.swift */; };
		81C90B5F246492BC001C06B4 /* NewGapVC.xib in Resources */ = {isa = PBXBuildFile; fileRef = 81C90B5D246492BC001C06B4 /* NewGapVC.xib */; };
		81C90B61246530DC001C06B4 /* DatePickerVC.swift in Sources */ = {isa = PBXBuildFile; fileRef = 81C90B60246530DC001C06B4 /* DatePickerVC.swift */; };
		81D0E450240AE7C800B2E5D8 /* TasksListViewController.swift in Sources */ = {isa = PBXBuildFile; fileRef = 81D0E44F240AE7C800B2E5D8 /* TasksListViewController.swift */; };
		81DC259E246C752E00926034 /* DisplayTime.swift in Sources */ = {isa = PBXBuildFile; fileRef = 81DC259D246C752E00926034 /* DisplayTime.swift */; };
		81DECAB6243BA410009051A2 /* CustomColors.swift in Sources */ = {isa = PBXBuildFile; fileRef = 81DECAB5243BA410009051A2 /* CustomColors.swift */; };
		81DECAB8243BAE24009051A2 /* CustomFonts.swift in Sources */ = {isa = PBXBuildFile; fileRef = 81DECAB7243BAE24009051A2 /* CustomFonts.swift */; };
		81E9B13F2405BEE400BBADB8 /* AppDelegate.swift in Sources */ = {isa = PBXBuildFile; fileRef = 81E9B13E2405BEE400BBADB8 /* AppDelegate.swift */; };
		81E9B1432405BEE400BBADB8 /* ViewController.swift in Sources */ = {isa = PBXBuildFile; fileRef = 81E9B1422405BEE400BBADB8 /* ViewController.swift */; };
		81E9B1462405BEE400BBADB8 /* Main.storyboard in Resources */ = {isa = PBXBuildFile; fileRef = 81E9B1442405BEE400BBADB8 /* Main.storyboard */; };
		81E9B1482405BEE600BBADB8 /* Assets.xcassets in Resources */ = {isa = PBXBuildFile; fileRef = 81E9B1472405BEE600BBADB8 /* Assets.xcassets */; };
		81E9B14B2405BEE600BBADB8 /* LaunchScreen.storyboard in Resources */ = {isa = PBXBuildFile; fileRef = 81E9B1492405BEE600BBADB8 /* LaunchScreen.storyboard */; };
		81ED3A84244DEFD400C36DB8 /* TaskCell.swift in Sources */ = {isa = PBXBuildFile; fileRef = 81ED3A82244DEFD400C36DB8 /* TaskCell.swift */; };
		81ED3A85244DEFD400C36DB8 /* TaskCell.xib in Resources */ = {isa = PBXBuildFile; fileRef = 81ED3A83244DEFD400C36DB8 /* TaskCell.xib */; };
/* End PBXBuildFile section */

/* Begin PBXFileReference section */
		3E182028DE0B379EB966E722 /* Pods-Task-Shuffler.debug.xcconfig */ = {isa = PBXFileReference; includeInIndex = 1; lastKnownFileType = text.xcconfig; name = "Pods-Task-Shuffler.debug.xcconfig"; path = "Target Support Files/Pods-Task-Shuffler/Pods-Task-Shuffler.debug.xcconfig"; sourceTree = "<group>"; };
		5B051BEDE7302552ECBD0BD9 /* Pods-Task-Shuffler.release.xcconfig */ = {isa = PBXFileReference; includeInIndex = 1; lastKnownFileType = text.xcconfig; name = "Pods-Task-Shuffler.release.xcconfig"; path = "Target Support Files/Pods-Task-Shuffler/Pods-Task-Shuffler.release.xcconfig"; sourceTree = "<group>"; };
		5C313B2D615F94E260304E37 /* Pods_Task_Shuffler.framework */ = {isa = PBXFileReference; explicitFileType = wrapper.framework; includeInIndex = 0; path = Pods_Task_Shuffler.framework; sourceTree = BUILT_PRODUCTS_DIR; };
		811880A5243515BC00E5FEE1 /* DeviceModel.swift */ = {isa = PBXFileReference; lastKnownFileType = sourcecode.swift; path = DeviceModel.swift; sourceTree = "<group>"; };
		815204EE245E9A1E0004510B /* Alert.swift */ = {isa = PBXFileReference; lastKnownFileType = sourcecode.swift; path = Alert.swift; sourceTree = "<group>"; };
		815204F0245F46C20004510B /* GapRealm.swift */ = {isa = PBXFileReference; lastKnownFileType = sourcecode.swift; path = GapRealm.swift; sourceTree = "<group>"; };
		816709CC245C9F7D00D94E65 /* SettingsVC.swift */ = {isa = PBXFileReference; lastKnownFileType = sourcecode.swift; path = SettingsVC.swift; sourceTree = "<group>"; };
		816709CD245C9F7D00D94E65 /* SettingsVC.xib */ = {isa = PBXFileReference; lastKnownFileType = file.xib; path = SettingsVC.xib; sourceTree = "<group>"; };
		816709D0245CCC5000D94E65 /* SettingsValues.swift */ = {isa = PBXFileReference; lastKnownFileType = sourcecode.swift; path = SettingsValues.swift; sourceTree = "<group>"; };
		81705A80240B1D4E0053A571 /* GapsViewController.swift */ = {isa = PBXFileReference; lastKnownFileType = sourcecode.swift; path = GapsViewController.swift; sourceTree = "<group>"; };
		81705A82240B1D890053A571 /* ScheduleViewController.swift */ = {isa = PBXFileReference; lastKnownFileType = sourcecode.swift; path = ScheduleViewController.swift; sourceTree = "<group>"; };
		8170DD782467FEE80060725D /* TimePickerVC.swift */ = {isa = PBXFileReference; lastKnownFileType = sourcecode.swift; path = TimePickerVC.swift; sourceTree = "<group>"; };
		8170DD7E2467FF6B0060725D /* HourCell.swift */ = {isa = PBXFileReference; lastKnownFileType = sourcecode.swift; path = HourCell.swift; sourceTree = "<group>"; };
		8170DD802468001C0060725D /* MinuteCell.swift */ = {isa = PBXFileReference; fileEncoding = 4; lastKnownFileType = sourcecode.swift; path = MinuteCell.swift; sourceTree = "<group>"; };
		8179FDD824580807009A6D4B /* DatabaseManager.swift */ = {isa = PBXFileReference; lastKnownFileType = sourcecode.swift; path = DatabaseManager.swift; sourceTree = "<group>"; };
		8179FDDA24581E9F009A6D4B /* DummyModel.swift */ = {isa = PBXFileReference; lastKnownFileType = sourcecode.swift; path = DummyModel.swift; sourceTree = "<group>"; };
		817E76F5245A084C00305111 /* TaskRealm.swift */ = {isa = PBXFileReference; lastKnownFileType = sourcecode.swift; path = TaskRealm.swift; sourceTree = "<group>"; };
		8188D5B8240701AF00CCBA99 /* Task.swift */ = {isa = PBXFileReference; lastKnownFileType = sourcecode.swift; path = Task.swift; sourceTree = "<group>"; };
		8188D5BA2408601800CCBA99 /* NewTaskViewController.swift */ = {isa = PBXFileReference; lastKnownFileType = sourcecode.swift; path = NewTaskViewController.swift; sourceTree = "<group>"; };
		818DFEE02422B90D007F6682 /* TestViewController.swift */ = {isa = PBXFileReference; lastKnownFileType = sourcecode.swift; path = TestViewController.swift; sourceTree = "<group>"; };
		8197F5C1245ACF700052FCC7 /* TaskManager.swift */ = {isa = PBXFileReference; lastKnownFileType = sourcecode.swift; path = TaskManager.swift; sourceTree = "<group>"; };
		8198F26224763D5F00F547BC /* CalendarVC.swift */ = {isa = PBXFileReference; lastKnownFileType = sourcecode.swift; path = CalendarVC.swift; sourceTree = "<group>"; };
		81C90B5224614F8B001C06B4 /* GapManager.swift */ = {isa = PBXFileReference; lastKnownFileType = sourcecode.swift; path = GapManager.swift; sourceTree = "<group>"; };
		81C90B542461D080001C06B4 /* GapCell.xib */ = {isa = PBXFileReference; fileEncoding = 4; lastKnownFileType = file.xib; path = GapCell.xib; sourceTree = "<group>"; };
		81C90B562461D0B2001C06B4 /* GapCell.swift */ = {isa = PBXFileReference; fileEncoding = 4; lastKnownFileType = sourcecode.swift; path = GapCell.swift; sourceTree = "<group>"; };
		81C90B5A2463DDBA001C06B4 /* Utils.swift */ = {isa = PBXFileReference; lastKnownFileType = sourcecode.swift; path = Utils.swift; sourceTree = "<group>"; };
		81C90B5C246492BC001C06B4 /* NewGapVC.swift */ = {isa = PBXFileReference; lastKnownFileType = sourcecode.swift; path = NewGapVC.swift; sourceTree = "<group>"; };
		81C90B5D246492BC001C06B4 /* NewGapVC.xib */ = {isa = PBXFileReference; lastKnownFileType = file.xib; path = NewGapVC.xib; sourceTree = "<group>"; };
		81C90B60246530DC001C06B4 /* DatePickerVC.swift */ = {isa = PBXFileReference; lastKnownFileType = sourcecode.swift; path = DatePickerVC.swift; sourceTree = "<group>"; };
		81D0E44F240AE7C800B2E5D8 /* TasksListViewController.swift */ = {isa = PBXFileReference; lastKnownFileType = sourcecode.swift; path = TasksListViewController.swift; sourceTree = "<group>"; };
		81DC259D246C752E00926034 /* DisplayTime.swift */ = {isa = PBXFileReference; lastKnownFileType = sourcecode.swift; path = DisplayTime.swift; sourceTree = "<group>"; };
		81DECAB5243BA410009051A2 /* CustomColors.swift */ = {isa = PBXFileReference; lastKnownFileType = sourcecode.swift; path = CustomColors.swift; sourceTree = "<group>"; };
		81DECAB7243BAE24009051A2 /* CustomFonts.swift */ = {isa = PBXFileReference; lastKnownFileType = sourcecode.swift; path = CustomFonts.swift; sourceTree = "<group>"; };
		81E9B13B2405BEE400BBADB8 /* Task Shuffler.app */ = {isa = PBXFileReference; explicitFileType = wrapper.application; includeInIndex = 0; path = "Task Shuffler.app"; sourceTree = BUILT_PRODUCTS_DIR; };
		81E9B13E2405BEE400BBADB8 /* AppDelegate.swift */ = {isa = PBXFileReference; lastKnownFileType = sourcecode.swift; path = AppDelegate.swift; sourceTree = "<group>"; };
		81E9B1422405BEE400BBADB8 /* ViewController.swift */ = {isa = PBXFileReference; lastKnownFileType = sourcecode.swift; path = ViewController.swift; sourceTree = "<group>"; };
		81E9B1452405BEE400BBADB8 /* Base */ = {isa = PBXFileReference; lastKnownFileType = file.storyboard; name = Base; path = Base.lproj/Main.storyboard; sourceTree = "<group>"; };
		81E9B1472405BEE600BBADB8 /* Assets.xcassets */ = {isa = PBXFileReference; lastKnownFileType = folder.assetcatalog; path = Assets.xcassets; sourceTree = "<group>"; };
		81E9B14A2405BEE600BBADB8 /* Base */ = {isa = PBXFileReference; lastKnownFileType = file.storyboard; name = Base; path = Base.lproj/LaunchScreen.storyboard; sourceTree = "<group>"; };
		81E9B14C2405BEE600BBADB8 /* Info.plist */ = {isa = PBXFileReference; lastKnownFileType = text.plist.xml; path = Info.plist; sourceTree = "<group>"; };
		81ED3A82244DEFD400C36DB8 /* TaskCell.swift */ = {isa = PBXFileReference; lastKnownFileType = sourcecode.swift; path = TaskCell.swift; sourceTree = "<group>"; };
		81ED3A83244DEFD400C36DB8 /* TaskCell.xib */ = {isa = PBXFileReference; lastKnownFileType = file.xib; path = TaskCell.xib; sourceTree = "<group>"; };
/* End PBXFileReference section */

/* Begin PBXFrameworksBuildPhase section */
		81E9B1382405BEE400BBADB8 /* Frameworks */ = {
			isa = PBXFrameworksBuildPhase;
			buildActionMask = 2147483647;
			files = (
				45562218270AD4C5EFC5B323 /* Pods_Task_Shuffler.framework in Frameworks */,
			);
			runOnlyForDeploymentPostprocessing = 0;
		};
/* End PBXFrameworksBuildPhase section */

/* Begin PBXGroup section */
		1F743924CFB2275DCF5B5F40 /* Frameworks */ = {
			isa = PBXGroup;
			children = (
				5C313B2D615F94E260304E37 /* Pods_Task_Shuffler.framework */,
			);
			name = Frameworks;
			sourceTree = "<group>";
		};
		21B5D8D428181BD625FB5FB7 /* Pods */ = {
			isa = PBXGroup;
			children = (
				3E182028DE0B379EB966E722 /* Pods-Task-Shuffler.debug.xcconfig */,
				5B051BEDE7302552ECBD0BD9 /* Pods-Task-Shuffler.release.xcconfig */,
			);
			path = Pods;
			sourceTree = "<group>";
		};
		811880A42435157E00E5FEE1 /* Utils */ = {
			isa = PBXGroup;
			children = (
				811880A5243515BC00E5FEE1 /* DeviceModel.swift */,
				81DECAB5243BA410009051A2 /* CustomColors.swift */,
				81DECAB7243BAE24009051A2 /* CustomFonts.swift */,
				815204EE245E9A1E0004510B /* Alert.swift */,
				81C90B5A2463DDBA001C06B4 /* Utils.swift */,
			);
			path = Utils;
			sourceTree = "<group>";
		};
		8170DD7A2467FEF20060725D /* TimePicker */ = {
			isa = PBXGroup;
			children = (
				8170DD7D2467FF0F0060725D /* Controller */,
				8170DD7C2467FF090060725D /* View */,
				8170DD7B2467FF010060725D /* Model */,
			);
			path = TimePicker;
			sourceTree = "<group>";
		};
		8170DD7B2467FF010060725D /* Model */ = {
			isa = PBXGroup;
			children = (
			);
			path = Model;
			sourceTree = "<group>";
		};
		8170DD7C2467FF090060725D /* View */ = {
			isa = PBXGroup;
			children = (
				8170DD7E2467FF6B0060725D /* HourCell.swift */,
				8170DD802468001C0060725D /* MinuteCell.swift */,
			);
			path = View;
			sourceTree = "<group>";
		};
		8170DD7D2467FF0F0060725D /* Controller */ = {
			isa = PBXGroup;
			children = (
				8170DD782467FEE80060725D /* TimePickerVC.swift */,
			);
			path = Controller;
			sourceTree = "<group>";
		};
		8198F26024763D1B00F547BC /* Calendar */ = {
			isa = PBXGroup;
			children = (
				8198F26124763D3000F547BC /* Controller */,
			);
			path = Calendar;
			sourceTree = "<group>";
		};
		8198F26124763D3000F547BC /* Controller */ = {
			isa = PBXGroup;
			children = (
				8198F26224763D5F00F547BC /* CalendarVC.swift */,
			);
			path = Controller;
			sourceTree = "<group>";
		};
		81E9B1322405BEE400BBADB8 = {
			isa = PBXGroup;
			children = (
				81E9B13D2405BEE400BBADB8 /* Task-Shuffler */,
				81E9B13C2405BEE400BBADB8 /* Products */,
				21B5D8D428181BD625FB5FB7 /* Pods */,
				1F743924CFB2275DCF5B5F40 /* Frameworks */,
			);
			sourceTree = "<group>";
		};
		81E9B13C2405BEE400BBADB8 /* Products */ = {
			isa = PBXGroup;
			children = (
				81E9B13B2405BEE400BBADB8 /* Task Shuffler.app */,
			);
			name = Products;
			sourceTree = "<group>";
		};
		81E9B13D2405BEE400BBADB8 /* Task-Shuffler */ = {
			isa = PBXGroup;
			children = (
				81ED3A7F244DE63400C36DB8 /* Model */,
				81ED3A80244DE65500C36DB8 /* View */,
				81ED3A81244DE66700C36DB8 /* Controller */,
				81FFF0BD2467F7600086500A /* Task */,
				81FFF0BE2467F78A0086500A /* Gap */,
				81FFF0C62467F80E0086500A /* Schedule */,
				81FFF0CA2467F8650086500A /* Settings */,
				811880A42435157E00E5FEE1 /* Utils */,
				81E9B13E2405BEE400BBADB8 /* AppDelegate.swift */,
				81E9B1472405BEE600BBADB8 /* Assets.xcassets */,
				81E9B14C2405BEE600BBADB8 /* Info.plist */,
			);
			path = "Task-Shuffler";
			sourceTree = "<group>";
		};
		81ED3A7F244DE63400C36DB8 /* Model */ = {
			isa = PBXGroup;
			children = (
				8179FDD824580807009A6D4B /* DatabaseManager.swift */,
				8179FDDA24581E9F009A6D4B /* DummyModel.swift */,
			);
			path = Model;
			sourceTree = "<group>";
		};
		81ED3A80244DE65500C36DB8 /* View */ = {
			isa = PBXGroup;
			children = (
				81E9B1442405BEE400BBADB8 /* Main.storyboard */,
				81E9B1492405BEE600BBADB8 /* LaunchScreen.storyboard */,
			);
			path = View;
			sourceTree = "<group>";
		};
		81ED3A81244DE66700C36DB8 /* Controller */ = {
			isa = PBXGroup;
			children = (
				81E9B1422405BEE400BBADB8 /* ViewController.swift */,
				818DFEE02422B90D007F6682 /* TestViewController.swift */,
			);
			path = Controller;
			sourceTree = "<group>";
		};
		81FFF0BD2467F7600086500A /* Task */ = {
			isa = PBXGroup;
			children = (
				81FFF0BF2467F79C0086500A /* Model */,
				81FFF0C02467F7A60086500A /* View */,
				81FFF0C12467F7AC0086500A /* Controller */,
			);
			path = Task;
			sourceTree = "<group>";
		};
		81FFF0BE2467F78A0086500A /* Gap */ = {
			isa = PBXGroup;
			children = (
				8170DD7A2467FEF20060725D /* TimePicker */,
				81FFF0C22467F7CE0086500A /* Model */,
				81FFF0C42467F7DD0086500A /* View */,
				81FFF0C52467F7E50086500A /* Controller */,
			);
			path = Gap;
			sourceTree = "<group>";
		};
		81FFF0BF2467F79C0086500A /* Model */ = {
			isa = PBXGroup;
			children = (
				8188D5B8240701AF00CCBA99 /* Task.swift */,
				817E76F5245A084C00305111 /* TaskRealm.swift */,
				8197F5C1245ACF700052FCC7 /* TaskManager.swift */,
			);
			path = Model;
			sourceTree = "<group>";
		};
		81FFF0C02467F7A60086500A /* View */ = {
			isa = PBXGroup;
			children = (
				81ED3A83244DEFD400C36DB8 /* TaskCell.xib */,
				81ED3A82244DEFD400C36DB8 /* TaskCell.swift */,
			);
			path = View;
			sourceTree = "<group>";
		};
		81FFF0C12467F7AC0086500A /* Controller */ = {
			isa = PBXGroup;
			children = (
				81D0E44F240AE7C800B2E5D8 /* TasksListViewController.swift */,
				8188D5BA2408601800CCBA99 /* NewTaskViewController.swift */,
			);
			path = Controller;
			sourceTree = "<group>";
		};
		81FFF0C22467F7CE0086500A /* Model */ = {
			isa = PBXGroup;
			children = (
				815204F0245F46C20004510B /* GapRealm.swift */,
				81C90B5224614F8B001C06B4 /* GapManager.swift */,
			);
			path = Model;
			sourceTree = "<group>";
		};
		81FFF0C42467F7DD0086500A /* View */ = {
			isa = PBXGroup;
			children = (
				81C90B5D246492BC001C06B4 /* NewGapVC.xib */,
				81C90B542461D080001C06B4 /* GapCell.xib */,
				81C90B562461D0B2001C06B4 /* GapCell.swift */,
				81DC259D246C752E00926034 /* DisplayTime.swift */,
			);
			path = View;
			sourceTree = "<group>";
		};
		81FFF0C52467F7E50086500A /* Controller */ = {
			isa = PBXGroup;
			children = (
				81705A80240B1D4E0053A571 /* GapsViewController.swift */,
				81C90B5C246492BC001C06B4 /* NewGapVC.swift */,
				81C90B60246530DC001C06B4 /* DatePickerVC.swift */,
			);
			path = Controller;
			sourceTree = "<group>";
		};
		81FFF0C62467F80E0086500A /* Schedule */ = {
			isa = PBXGroup;
			children = (
				8198F26024763D1B00F547BC /* Calendar */,
				81FFF0C72467F8160086500A /* Model */,
				81FFF0C82467F81E0086500A /* View */,
				81FFF0C92467F8270086500A /* Controller */,
			);
			path = Schedule;
			sourceTree = "<group>";
		};
		81FFF0C72467F8160086500A /* Model */ = {
			isa = PBXGroup;
			children = (
			);
			path = Model;
			sourceTree = "<group>";
		};
		81FFF0C82467F81E0086500A /* View */ = {
			isa = PBXGroup;
			children = (
			);
			path = View;
			sourceTree = "<group>";
		};
		81FFF0C92467F8270086500A /* Controller */ = {
			isa = PBXGroup;
			children = (
				81705A82240B1D890053A571 /* ScheduleViewController.swift */,
			);
			path = Controller;
			sourceTree = "<group>";
		};
		81FFF0CA2467F8650086500A /* Settings */ = {
			isa = PBXGroup;
			children = (
				81FFF0CD2467F8F90086500A /* Model */,
				81FFF0CC2467F8B70086500A /* View */,
				81FFF0CB2467F8AA0086500A /* Controller */,
			);
			path = Settings;
			sourceTree = "<group>";
		};
		81FFF0CB2467F8AA0086500A /* Controller */ = {
			isa = PBXGroup;
			children = (
				816709CC245C9F7D00D94E65 /* SettingsVC.swift */,
			);
			path = Controller;
			sourceTree = "<group>";
		};
		81FFF0CC2467F8B70086500A /* View */ = {
			isa = PBXGroup;
			children = (
				816709CD245C9F7D00D94E65 /* SettingsVC.xib */,
			);
			path = View;
			sourceTree = "<group>";
		};
		81FFF0CD2467F8F90086500A /* Model */ = {
			isa = PBXGroup;
			children = (
				816709D0245CCC5000D94E65 /* SettingsValues.swift */,
			);
			path = Model;
			sourceTree = "<group>";
		};
/* End PBXGroup section */

/* Begin PBXNativeTarget section */
		81E9B13A2405BEE400BBADB8 /* Task-Shuffler */ = {
			isa = PBXNativeTarget;
			buildConfigurationList = 81E9B14F2405BEE600BBADB8 /* Build configuration list for PBXNativeTarget "Task-Shuffler" */;
			buildPhases = (
				E774804B2F6E4232B0C138ED /* [CP] Check Pods Manifest.lock */,
				81E9B1372405BEE400BBADB8 /* Sources */,
				81E9B1382405BEE400BBADB8 /* Frameworks */,
				81E9B1392405BEE400BBADB8 /* Resources */,
				AD140B96888CAF43BF964045 /* [CP] Embed Pods Frameworks */,
			);
			buildRules = (
			);
			dependencies = (
			);
			name = "Task-Shuffler";
			productName = "Task-Shuffler";
			productReference = 81E9B13B2405BEE400BBADB8 /* Task Shuffler.app */;
			productType = "com.apple.product-type.application";
		};
/* End PBXNativeTarget section */

/* Begin PBXProject section */
		81E9B1332405BEE400BBADB8 /* Project object */ = {
			isa = PBXProject;
			attributes = {
				LastSwiftUpdateCheck = 1130;
				LastUpgradeCheck = 1130;
				ORGANIZATIONNAME = "Juanjo Valiño";
				TargetAttributes = {
					81E9B13A2405BEE400BBADB8 = {
						CreatedOnToolsVersion = 11.3.1;
					};
				};
			};
			buildConfigurationList = 81E9B1362405BEE400BBADB8 /* Build configuration list for PBXProject "Task-Shuffler" */;
			compatibilityVersion = "Xcode 9.3";
			developmentRegion = en;
			hasScannedForEncodings = 0;
			knownRegions = (
				en,
				Base,
			);
			mainGroup = 81E9B1322405BEE400BBADB8;
			productRefGroup = 81E9B13C2405BEE400BBADB8 /* Products */;
			projectDirPath = "";
			projectRoot = "";
			targets = (
				81E9B13A2405BEE400BBADB8 /* Task-Shuffler */,
			);
		};
/* End PBXProject section */

/* Begin PBXResourcesBuildPhase section */
		81E9B1392405BEE400BBADB8 /* Resources */ = {
			isa = PBXResourcesBuildPhase;
			buildActionMask = 2147483647;
			files = (
				81C90B5F246492BC001C06B4 /* NewGapVC.xib in Resources */,
				81C90B552461D080001C06B4 /* GapCell.xib in Resources */,
				81ED3A85244DEFD400C36DB8 /* TaskCell.xib in Resources */,
				81E9B14B2405BEE600BBADB8 /* LaunchScreen.storyboard in Resources */,
				81E9B1482405BEE600BBADB8 /* Assets.xcassets in Resources */,
				81E9B1462405BEE400BBADB8 /* Main.storyboard in Resources */,
				816709CF245C9F7D00D94E65 /* SettingsVC.xib in Resources */,
			);
			runOnlyForDeploymentPostprocessing = 0;
		};
/* End PBXResourcesBuildPhase section */

/* Begin PBXShellScriptBuildPhase section */
		AD140B96888CAF43BF964045 /* [CP] Embed Pods Frameworks */ = {
			isa = PBXShellScriptBuildPhase;
			buildActionMask = 2147483647;
			files = (
			);
			inputFileListPaths = (
				"${PODS_ROOT}/Target Support Files/Pods-Task-Shuffler/Pods-Task-Shuffler-frameworks-${CONFIGURATION}-input-files.xcfilelist",
			);
			name = "[CP] Embed Pods Frameworks";
			outputFileListPaths = (
				"${PODS_ROOT}/Target Support Files/Pods-Task-Shuffler/Pods-Task-Shuffler-frameworks-${CONFIGURATION}-output-files.xcfilelist",
			);
			runOnlyForDeploymentPostprocessing = 0;
			shellPath = /bin/sh;
			shellScript = "\"${PODS_ROOT}/Target Support Files/Pods-Task-Shuffler/Pods-Task-Shuffler-frameworks.sh\"\n";
			showEnvVarsInLog = 0;
		};
		E774804B2F6E4232B0C138ED /* [CP] Check Pods Manifest.lock */ = {
			isa = PBXShellScriptBuildPhase;
			buildActionMask = 2147483647;
			files = (
			);
			inputFileListPaths = (
			);
			inputPaths = (
				"${PODS_PODFILE_DIR_PATH}/Podfile.lock",
				"${PODS_ROOT}/Manifest.lock",
			);
			name = "[CP] Check Pods Manifest.lock";
			outputFileListPaths = (
			);
			outputPaths = (
				"$(DERIVED_FILE_DIR)/Pods-Task-Shuffler-checkManifestLockResult.txt",
			);
			runOnlyForDeploymentPostprocessing = 0;
			shellPath = /bin/sh;
			shellScript = "diff \"${PODS_PODFILE_DIR_PATH}/Podfile.lock\" \"${PODS_ROOT}/Manifest.lock\" > /dev/null\nif [ $? != 0 ] ; then\n    # print error to STDERR\n    echo \"error: The sandbox is not in sync with the Podfile.lock. Run 'pod install' or update your CocoaPods installation.\" >&2\n    exit 1\nfi\n# This output is used by Xcode 'outputs' to avoid re-running this script phase.\necho \"SUCCESS\" > \"${SCRIPT_OUTPUT_FILE_0}\"\n";
			showEnvVarsInLog = 0;
		};
/* End PBXShellScriptBuildPhase section */

/* Begin PBXSourcesBuildPhase section */
		81E9B1372405BEE400BBADB8 /* Sources */ = {
			isa = PBXSourcesBuildPhase;
			buildActionMask = 2147483647;
			files = (
				816709D1245CCC5000D94E65 /* SettingsValues.swift in Sources */,
				81C90B61246530DC001C06B4 /* DatePickerVC.swift in Sources */,
				816709CE245C9F7D00D94E65 /* SettingsVC.swift in Sources */,
				8170DD7F2467FF6B0060725D /* HourCell.swift in Sources */,
				8188D5B9240701AF00CCBA99 /* Task.swift in Sources */,
				81D0E450240AE7C800B2E5D8 /* TasksListViewController.swift in Sources */,
				81C90B5E246492BC001C06B4 /* NewGapVC.swift in Sources */,
				81C90B572461D0B2001C06B4 /* GapCell.swift in Sources */,
				815204F1245F46C20004510B /* GapRealm.swift in Sources */,
				8179FDD924580807009A6D4B /* DatabaseManager.swift in Sources */,
				815204EF245E9A1E0004510B /* Alert.swift in Sources */,
				8170DD792467FEE80060725D /* TimePickerVC.swift in Sources */,
				818DFEE12422B90D007F6682 /* TestViewController.swift in Sources */,
				8170DD812468001C0060725D /* MinuteCell.swift in Sources */,
				8188D5BB2408601800CCBA99 /* NewTaskViewController.swift in Sources */,
				81DC259E246C752E00926034 /* DisplayTime.swift in Sources */,
				81ED3A84244DEFD400C36DB8 /* TaskCell.swift in Sources */,
				81705A83240B1D890053A571 /* ScheduleViewController.swift in Sources */,
				811880A6243515BC00E5FEE1 /* DeviceModel.swift in Sources */,
				81C90B5324614F8B001C06B4 /* GapManager.swift in Sources */,
				8198F26324763D5F00F547BC /* CalendarVC.swift in Sources */,
				81DECAB6243BA410009051A2 /* CustomColors.swift in Sources */,
				81C90B5B2463DDBA001C06B4 /* Utils.swift in Sources */,
				8179FDDB24581E9F009A6D4B /* DummyModel.swift in Sources */,
				8197F5C2245ACF700052FCC7 /* TaskManager.swift in Sources */,
				81E9B1432405BEE400BBADB8 /* ViewController.swift in Sources */,
				81DECAB8243BAE24009051A2 /* CustomFonts.swift in Sources */,
				81E9B13F2405BEE400BBADB8 /* AppDelegate.swift in Sources */,
				81705A81240B1D4E0053A571 /* GapsViewController.swift in Sources */,
				817E76F6245A084C00305111 /* TaskRealm.swift in Sources */,
			);
			runOnlyForDeploymentPostprocessing = 0;
		};
/* End PBXSourcesBuildPhase section */

/* Begin PBXVariantGroup section */
		81E9B1442405BEE400BBADB8 /* Main.storyboard */ = {
			isa = PBXVariantGroup;
			children = (
				81E9B1452405BEE400BBADB8 /* Base */,
			);
			name = Main.storyboard;
			sourceTree = "<group>";
		};
		81E9B1492405BEE600BBADB8 /* LaunchScreen.storyboard */ = {
			isa = PBXVariantGroup;
			children = (
				81E9B14A2405BEE600BBADB8 /* Base */,
			);
			name = LaunchScreen.storyboard;
			sourceTree = "<group>";
		};
/* End PBXVariantGroup section */

/* Begin XCBuildConfiguration section */
		81E9B14D2405BEE600BBADB8 /* Debug */ = {
			isa = XCBuildConfiguration;
			buildSettings = {
				ALWAYS_SEARCH_USER_PATHS = NO;
				CLANG_ANALYZER_NONNULL = YES;
				CLANG_ANALYZER_NUMBER_OBJECT_CONVERSION = YES_AGGRESSIVE;
				CLANG_CXX_LANGUAGE_STANDARD = "gnu++14";
				CLANG_CXX_LIBRARY = "libc++";
				CLANG_ENABLE_MODULES = YES;
				CLANG_ENABLE_OBJC_ARC = YES;
				CLANG_ENABLE_OBJC_WEAK = YES;
				CLANG_WARN_BLOCK_CAPTURE_AUTORELEASING = YES;
				CLANG_WARN_BOOL_CONVERSION = YES;
				CLANG_WARN_COMMA = YES;
				CLANG_WARN_CONSTANT_CONVERSION = YES;
				CLANG_WARN_DEPRECATED_OBJC_IMPLEMENTATIONS = YES;
				CLANG_WARN_DIRECT_OBJC_ISA_USAGE = YES_ERROR;
				CLANG_WARN_DOCUMENTATION_COMMENTS = YES;
				CLANG_WARN_EMPTY_BODY = YES;
				CLANG_WARN_ENUM_CONVERSION = YES;
				CLANG_WARN_INFINITE_RECURSION = YES;
				CLANG_WARN_INT_CONVERSION = YES;
				CLANG_WARN_NON_LITERAL_NULL_CONVERSION = YES;
				CLANG_WARN_OBJC_IMPLICIT_RETAIN_SELF = YES;
				CLANG_WARN_OBJC_LITERAL_CONVERSION = YES;
				CLANG_WARN_OBJC_ROOT_CLASS = YES_ERROR;
				CLANG_WARN_RANGE_LOOP_ANALYSIS = YES;
				CLANG_WARN_STRICT_PROTOTYPES = YES;
				CLANG_WARN_SUSPICIOUS_MOVE = YES;
				CLANG_WARN_UNGUARDED_AVAILABILITY = YES_AGGRESSIVE;
				CLANG_WARN_UNREACHABLE_CODE = YES;
				CLANG_WARN__DUPLICATE_METHOD_MATCH = YES;
				COPY_PHASE_STRIP = NO;
				DEBUG_INFORMATION_FORMAT = dwarf;
				ENABLE_STRICT_OBJC_MSGSEND = YES;
				ENABLE_TESTABILITY = YES;
				GCC_C_LANGUAGE_STANDARD = gnu11;
				GCC_DYNAMIC_NO_PIC = NO;
				GCC_NO_COMMON_BLOCKS = YES;
				GCC_OPTIMIZATION_LEVEL = 0;
				GCC_PREPROCESSOR_DEFINITIONS = (
					"DEBUG=1",
					"$(inherited)",
				);
				GCC_WARN_64_TO_32_BIT_CONVERSION = YES;
				GCC_WARN_ABOUT_RETURN_TYPE = YES_ERROR;
				GCC_WARN_UNDECLARED_SELECTOR = YES;
				GCC_WARN_UNINITIALIZED_AUTOS = YES_AGGRESSIVE;
				GCC_WARN_UNUSED_FUNCTION = YES;
				GCC_WARN_UNUSED_VARIABLE = YES;
				IPHONEOS_DEPLOYMENT_TARGET = 12.0;
				MTL_ENABLE_DEBUG_INFO = INCLUDE_SOURCE;
				MTL_FAST_MATH = YES;
				ONLY_ACTIVE_ARCH = YES;
				SDKROOT = iphoneos;
				SWIFT_ACTIVE_COMPILATION_CONDITIONS = DEBUG;
				SWIFT_OPTIMIZATION_LEVEL = "-Onone";
			};
			name = Debug;
		};
		81E9B14E2405BEE600BBADB8 /* Release */ = {
			isa = XCBuildConfiguration;
			buildSettings = {
				ALWAYS_SEARCH_USER_PATHS = NO;
				CLANG_ANALYZER_NONNULL = YES;
				CLANG_ANALYZER_NUMBER_OBJECT_CONVERSION = YES_AGGRESSIVE;
				CLANG_CXX_LANGUAGE_STANDARD = "gnu++14";
				CLANG_CXX_LIBRARY = "libc++";
				CLANG_ENABLE_MODULES = YES;
				CLANG_ENABLE_OBJC_ARC = YES;
				CLANG_ENABLE_OBJC_WEAK = YES;
				CLANG_WARN_BLOCK_CAPTURE_AUTORELEASING = YES;
				CLANG_WARN_BOOL_CONVERSION = YES;
				CLANG_WARN_COMMA = YES;
				CLANG_WARN_CONSTANT_CONVERSION = YES;
				CLANG_WARN_DEPRECATED_OBJC_IMPLEMENTATIONS = YES;
				CLANG_WARN_DIRECT_OBJC_ISA_USAGE = YES_ERROR;
				CLANG_WARN_DOCUMENTATION_COMMENTS = YES;
				CLANG_WARN_EMPTY_BODY = YES;
				CLANG_WARN_ENUM_CONVERSION = YES;
				CLANG_WARN_INFINITE_RECURSION = YES;
				CLANG_WARN_INT_CONVERSION = YES;
				CLANG_WARN_NON_LITERAL_NULL_CONVERSION = YES;
				CLANG_WARN_OBJC_IMPLICIT_RETAIN_SELF = YES;
				CLANG_WARN_OBJC_LITERAL_CONVERSION = YES;
				CLANG_WARN_OBJC_ROOT_CLASS = YES_ERROR;
				CLANG_WARN_RANGE_LOOP_ANALYSIS = YES;
				CLANG_WARN_STRICT_PROTOTYPES = YES;
				CLANG_WARN_SUSPICIOUS_MOVE = YES;
				CLANG_WARN_UNGUARDED_AVAILABILITY = YES_AGGRESSIVE;
				CLANG_WARN_UNREACHABLE_CODE = YES;
				CLANG_WARN__DUPLICATE_METHOD_MATCH = YES;
				COPY_PHASE_STRIP = NO;
				DEBUG_INFORMATION_FORMAT = "dwarf-with-dsym";
				ENABLE_NS_ASSERTIONS = NO;
				ENABLE_STRICT_OBJC_MSGSEND = YES;
				GCC_C_LANGUAGE_STANDARD = gnu11;
				GCC_NO_COMMON_BLOCKS = YES;
				GCC_WARN_64_TO_32_BIT_CONVERSION = YES;
				GCC_WARN_ABOUT_RETURN_TYPE = YES_ERROR;
				GCC_WARN_UNDECLARED_SELECTOR = YES;
				GCC_WARN_UNINITIALIZED_AUTOS = YES_AGGRESSIVE;
				GCC_WARN_UNUSED_FUNCTION = YES;
				GCC_WARN_UNUSED_VARIABLE = YES;
				IPHONEOS_DEPLOYMENT_TARGET = 12.0;
				MTL_ENABLE_DEBUG_INFO = NO;
				MTL_FAST_MATH = YES;
				SDKROOT = iphoneos;
				SWIFT_COMPILATION_MODE = wholemodule;
				SWIFT_OPTIMIZATION_LEVEL = "-O";
				VALIDATE_PRODUCT = YES;
			};
			name = Release;
		};
		81E9B1502405BEE600BBADB8 /* Debug */ = {
			isa = XCBuildConfiguration;
			baseConfigurationReference = 3E182028DE0B379EB966E722 /* Pods-Task-Shuffler.debug.xcconfig */;
			buildSettings = {
				ASSETCATALOG_COMPILER_APPICON_NAME = AppIcon;
				CODE_SIGN_STYLE = Automatic;
				DEVELOPMENT_TEAM = 52SFG8NL7R;
				INFOPLIST_FILE = "Task-Shuffler/Info.plist";
				IPHONEOS_DEPLOYMENT_TARGET = 12.0;
				LD_RUNPATH_SEARCH_PATHS = (
					"$(inherited)",
					"@executable_path/Frameworks",
				);
				PRODUCT_BUNDLE_IDENTIFIER = "com.juanjovn.Task-Shuffler";
				PRODUCT_NAME = "Task Shuffler";
				SWIFT_VERSION = 5.0;
				TARGETED_DEVICE_FAMILY = "1,2";
			};
			name = Debug;
		};
		81E9B1512405BEE600BBADB8 /* Release */ = {
			isa = XCBuildConfiguration;
			baseConfigurationReference = 5B051BEDE7302552ECBD0BD9 /* Pods-Task-Shuffler.release.xcconfig */;
			buildSettings = {
				ASSETCATALOG_COMPILER_APPICON_NAME = AppIcon;
				CODE_SIGN_STYLE = Automatic;
				DEVELOPMENT_TEAM = 52SFG8NL7R;
				INFOPLIST_FILE = "Task-Shuffler/Info.plist";
				IPHONEOS_DEPLOYMENT_TARGET = 12.0;
				LD_RUNPATH_SEARCH_PATHS = (
					"$(inherited)",
					"@executable_path/Frameworks",
				);
				PRODUCT_BUNDLE_IDENTIFIER = "com.juanjovn.Task-Shuffler";
				PRODUCT_NAME = "Task Shuffler";
				SWIFT_VERSION = 5.0;
				TARGETED_DEVICE_FAMILY = "1,2";
			};
			name = Release;
		};
/* End XCBuildConfiguration section */

/* Begin XCConfigurationList section */
		81E9B1362405BEE400BBADB8 /* Build configuration list for PBXProject "Task-Shuffler" */ = {
			isa = XCConfigurationList;
			buildConfigurations = (
				81E9B14D2405BEE600BBADB8 /* Debug */,
				81E9B14E2405BEE600BBADB8 /* Release */,
			);
			defaultConfigurationIsVisible = 0;
			defaultConfigurationName = Release;
		};
		81E9B14F2405BEE600BBADB8 /* Build configuration list for PBXNativeTarget "Task-Shuffler" */ = {
			isa = XCConfigurationList;
			buildConfigurations = (
				81E9B1502405BEE600BBADB8 /* Debug */,
				81E9B1512405BEE600BBADB8 /* Release */,
			);
			defaultConfigurationIsVisible = 0;
			defaultConfigurationName = Release;
		};
/* End XCConfigurationList section */
	};
	rootObject = 81E9B1332405BEE400BBADB8 /* Project object */;
}
